// !$*UTF8*$!
{
	archiveVersion = 1;
	classes = {
	};
	objectVersion = 50;
	objects = {

/* Begin PBXBuildFile section */
		FA40713E211284DF000ECB97 /* AppDelegate.swift in Sources */ = {isa = PBXBuildFile; fileRef = FA40713D211284DF000ECB97 /* AppDelegate.swift */; };
		FA407140211284DF000ECB97 /* ViewController.swift in Sources */ = {isa = PBXBuildFile; fileRef = FA40713F211284DF000ECB97 /* ViewController.swift */; };
		FA407143211284DF000ECB97 /* Main.storyboard in Resources */ = {isa = PBXBuildFile; fileRef = FA407141211284DF000ECB97 /* Main.storyboard */; };
		FA407146211284DF000ECB97 /* CoreiBeacon.xcdatamodeld in Sources */ = {isa = PBXBuildFile; fileRef = FA407144211284DF000ECB97 /* CoreiBeacon.xcdatamodeld */; };
		FA407148211284E3000ECB97 /* Assets.xcassets in Resources */ = {isa = PBXBuildFile; fileRef = FA407147211284E3000ECB97 /* Assets.xcassets */; };
		FA40714B211284E3000ECB97 /* LaunchScreen.storyboard in Resources */ = {isa = PBXBuildFile; fileRef = FA407149211284E3000ECB97 /* LaunchScreen.storyboard */; };
		FA4071552112D378000ECB97 /* BeaconTracker.swift in Sources */ = {isa = PBXBuildFile; fileRef = FA4071542112D378000ECB97 /* BeaconTracker.swift */; };
		FA4071592113A5F5000ECB97 /* BeaconTableViewController.swift in Sources */ = {isa = PBXBuildFile; fileRef = FA4071572113A5F5000ECB97 /* BeaconTableViewController.swift */; };
/* End PBXBuildFile section */

/* Begin PBXFileReference section */
		FA40713A211284DF000ECB97 /* CoreiBeacon.app */ = {isa = PBXFileReference; explicitFileType = wrapper.application; includeInIndex = 0; path = CoreiBeacon.app; sourceTree = BUILT_PRODUCTS_DIR; };
		FA40713D211284DF000ECB97 /* AppDelegate.swift */ = {isa = PBXFileReference; lastKnownFileType = sourcecode.swift; path = AppDelegate.swift; sourceTree = "<group>"; };
		FA40713F211284DF000ECB97 /* ViewController.swift */ = {isa = PBXFileReference; lastKnownFileType = sourcecode.swift; path = ViewController.swift; sourceTree = "<group>"; };
		FA407142211284DF000ECB97 /* Base */ = {isa = PBXFileReference; lastKnownFileType = file.storyboard; name = Base; path = Base.lproj/Main.storyboard; sourceTree = "<group>"; };
		FA407145211284DF000ECB97 /* CoreiBeacon.xcdatamodel */ = {isa = PBXFileReference; lastKnownFileType = wrapper.xcdatamodel; path = CoreiBeacon.xcdatamodel; sourceTree = "<group>"; };
		FA407147211284E3000ECB97 /* Assets.xcassets */ = {isa = PBXFileReference; lastKnownFileType = folder.assetcatalog; path = Assets.xcassets; sourceTree = "<group>"; };
		FA40714A211284E3000ECB97 /* Base */ = {isa = PBXFileReference; lastKnownFileType = file.storyboard; name = Base; path = Base.lproj/LaunchScreen.storyboard; sourceTree = "<group>"; };
		FA40714C211284E3000ECB97 /* Info.plist */ = {isa = PBXFileReference; lastKnownFileType = text.plist.xml; path = Info.plist; sourceTree = "<group>"; };
		FA4071542112D378000ECB97 /* BeaconTracker.swift */ = {isa = PBXFileReference; lastKnownFileType = sourcecode.swift; path = BeaconTracker.swift; sourceTree = "<group>"; };
		FA40715621139C39000ECB97 /* CoreiBeacon.entitlements */ = {isa = PBXFileReference; lastKnownFileType = text.plist.entitlements; path = CoreiBeacon.entitlements; sourceTree = "<group>"; };
		FA4071572113A5F5000ECB97 /* BeaconTableViewController.swift */ = {isa = PBXFileReference; lastKnownFileType = sourcecode.swift; path = BeaconTableViewController.swift; sourceTree = "<group>"; };
/* End PBXFileReference section */

/* Begin PBXFrameworksBuildPhase section */
		FA407137211284DF000ECB97 /* Frameworks */ = {
			isa = PBXFrameworksBuildPhase;
			buildActionMask = 2147483647;
			files = (
			);
			runOnlyForDeploymentPostprocessing = 0;
		};
/* End PBXFrameworksBuildPhase section */

/* Begin PBXGroup section */
		FA407131211284DF000ECB97 = {
			isa = PBXGroup;
			children = (
				FA40713C211284DF000ECB97 /* CoreiBeacon */,
				FA40713B211284DF000ECB97 /* Products */,
			);
			sourceTree = "<group>";
		};
		FA40713B211284DF000ECB97 /* Products */ = {
			isa = PBXGroup;
			children = (
				FA40713A211284DF000ECB97 /* CoreiBeacon.app */,
			);
			name = Products;
			sourceTree = "<group>";
		};
		FA40713C211284DF000ECB97 /* CoreiBeacon */ = {
			isa = PBXGroup;
			children = (
				FA40715621139C39000ECB97 /* CoreiBeacon.entitlements */,
				FA40713D211284DF000ECB97 /* AppDelegate.swift */,
				FA40713F211284DF000ECB97 /* ViewController.swift */,
				FA4071542112D378000ECB97 /* BeaconTracker.swift */,
				FA407141211284DF000ECB97 /* Main.storyboard */,
				FA4071572113A5F5000ECB97 /* BeaconTableViewController.swift */,
				FA407147211284E3000ECB97 /* Assets.xcassets */,
				FA407149211284E3000ECB97 /* LaunchScreen.storyboard */,
				FA40714C211284E3000ECB97 /* Info.plist */,
				FA407144211284DF000ECB97 /* CoreiBeacon.xcdatamodeld */,
			);
			path = CoreiBeacon;
			sourceTree = "<group>";
		};
/* End PBXGroup section */

/* Begin PBXNativeTarget section */
		FA407139211284DF000ECB97 /* CoreiBeacon */ = {
			isa = PBXNativeTarget;
			buildConfigurationList = FA40714F211284E3000ECB97 /* Build configuration list for PBXNativeTarget "CoreiBeacon" */;
			buildPhases = (
				FA407136211284DF000ECB97 /* Sources */,
				FA407137211284DF000ECB97 /* Frameworks */,
				FA407138211284DF000ECB97 /* Resources */,
			);
			buildRules = (
			);
			dependencies = (
			);
			name = CoreiBeacon;
			productName = CoreiBeacon;
			productReference = FA40713A211284DF000ECB97 /* CoreiBeacon.app */;
			productType = "com.apple.product-type.application";
		};
/* End PBXNativeTarget section */

/* Begin PBXProject section */
		FA407132211284DF000ECB97 /* Project object */ = {
			isa = PBXProject;
			attributes = {
				LastSwiftUpdateCheck = 0940;
				LastUpgradeCheck = 0940;
				ORGANIZATIONNAME = "Alex Hong";
				TargetAttributes = {
					FA407139211284DF000ECB97 = {
						CreatedOnToolsVersion = 9.4.1;
						SystemCapabilities = {
							com.apple.BackgroundModes = {
								enabled = 1;
							};
							com.apple.Push = {
								enabled = 0;
							};
						};
					};
				};
			};
			buildConfigurationList = FA407135211284DF000ECB97 /* Build configuration list for PBXProject "CoreiBeacon" */;
			compatibilityVersion = "Xcode 9.3";
			developmentRegion = en;
			hasScannedForEncodings = 0;
			knownRegions = (
				en,
				Base,
			);
			mainGroup = FA407131211284DF000ECB97;
			productRefGroup = FA40713B211284DF000ECB97 /* Products */;
			projectDirPath = "";
			projectRoot = "";
			targets = (
				FA407139211284DF000ECB97 /* CoreiBeacon */,
			);
		};
/* End PBXProject section */

/* Begin PBXResourcesBuildPhase section */
		FA407138211284DF000ECB97 /* Resources */ = {
			isa = PBXResourcesBuildPhase;
			buildActionMask = 2147483647;
			files = (
				FA40714B211284E3000ECB97 /* LaunchScreen.storyboard in Resources */,
				FA407148211284E3000ECB97 /* Assets.xcassets in Resources */,
				FA407143211284DF000ECB97 /* Main.storyboard in Resources */,
			);
			runOnlyForDeploymentPostprocessing = 0;
		};
/* End PBXResourcesBuildPhase section */

/* Begin PBXSourcesBuildPhase section */
		FA407136211284DF000ECB97 /* Sources */ = {
			isa = PBXSourcesBuildPhase;
			buildActionMask = 2147483647;
			files = (
				FA407140211284DF000ECB97 /* ViewController.swift in Sources */,
				FA4071552112D378000ECB97 /* BeaconTracker.swift in Sources */,
				FA40713E211284DF000ECB97 /* AppDelegate.swift in Sources */,
				FA407146211284DF000ECB97 /* CoreiBeacon.xcdatamodeld in Sources */,
				FA4071592113A5F5000ECB97 /* BeaconTableViewController.swift in Sources */,
			);
			runOnlyForDeploymentPostprocessing = 0;
		};
/* End PBXSourcesBuildPhase section */

/* Begin PBXVariantGroup section */
		FA407141211284DF000ECB97 /* Main.storyboard */ = {
			isa = PBXVariantGroup;
			children = (
				FA407142211284DF000ECB97 /* Base */,
			);
			name = Main.storyboard;
			sourceTree = "<group>";
		};
		FA407149211284E3000ECB97 /* LaunchScreen.storyboard */ = {
			isa = PBXVariantGroup;
			children = (
				FA40714A211284E3000ECB97 /* Base */,
			);
			name = LaunchScreen.storyboard;
			sourceTree = "<group>";
		};
/* End PBXVariantGroup section */

/* Begin XCBuildConfiguration section */
		FA40714D211284E3000ECB97 /* Debug */ = {
			isa = XCBuildConfiguration;
			buildSettings = {
				ALWAYS_SEARCH_USER_PATHS = NO;
				CLANG_ANALYZER_NONNULL = YES;
				CLANG_ANALYZER_NUMBER_OBJECT_CONVERSION = YES_AGGRESSIVE;
				CLANG_CXX_LANGUAGE_STANDARD = "gnu++14";
				CLANG_CXX_LIBRARY = "libc++";
				CLANG_ENABLE_MODULES = YES;
				CLANG_ENABLE_OBJC_ARC = YES;
				CLANG_ENABLE_OBJC_WEAK = YES;
				CLANG_WARN_BLOCK_CAPTURE_AUTORELEASING = YES;
				CLANG_WARN_BOOL_CONVERSION = YES;
				CLANG_WARN_COMMA = YES;
				CLANG_WARN_CONSTANT_CONVERSION = YES;
				CLANG_WARN_DEPRECATED_OBJC_IMPLEMENTATIONS = YES;
				CLANG_WARN_DIRECT_OBJC_ISA_USAGE = YES_ERROR;
				CLANG_WARN_DOCUMENTATION_COMMENTS = YES;
				CLANG_WARN_EMPTY_BODY = YES;
				CLANG_WARN_ENUM_CONVERSION = YES;
				CLANG_WARN_INFINITE_RECURSION = YES;
				CLANG_WARN_INT_CONVERSION = YES;
				CLANG_WARN_NON_LITERAL_NULL_CONVERSION = YES;
				CLANG_WARN_OBJC_IMPLICIT_RETAIN_SELF = YES;
				CLANG_WARN_OBJC_LITERAL_CONVERSION = YES;
				CLANG_WARN_OBJC_ROOT_CLASS = YES_ERROR;
				CLANG_WARN_RANGE_LOOP_ANALYSIS = YES;
				CLANG_WARN_STRICT_PROTOTYPES = YES;
				CLANG_WARN_SUSPICIOUS_MOVE = YES;
				CLANG_WARN_UNGUARDED_AVAILABILITY = YES_AGGRESSIVE;
				CLANG_WARN_UNREACHABLE_CODE = YES;
				CLANG_WARN__DUPLICATE_METHOD_MATCH = YES;
				CODE_SIGN_IDENTITY = "iPhone Developer";
				COPY_PHASE_STRIP = NO;
				DEBUG_INFORMATION_FORMAT = dwarf;
				ENABLE_STRICT_OBJC_MSGSEND = YES;
				ENABLE_TESTABILITY = YES;
				GCC_C_LANGUAGE_STANDARD = gnu11;
				GCC_DYNAMIC_NO_PIC = NO;
				GCC_NO_COMMON_BLOCKS = YES;
				GCC_OPTIMIZATION_LEVEL = 0;
				GCC_PREPROCESSOR_DEFINITIONS = (
					"DEBUG=1",
					"$(inherited)",
				);
				GCC_WARN_64_TO_32_BIT_CONVERSION = YES;
				GCC_WARN_ABOUT_RETURN_TYPE = YES_ERROR;
				GCC_WARN_UNDECLARED_SELECTOR = YES;
				GCC_WARN_UNINITIALIZED_AUTOS = YES_AGGRESSIVE;
				GCC_WARN_UNUSED_FUNCTION = YES;
				GCC_WARN_UNUSED_VARIABLE = YES;
				IPHONEOS_DEPLOYMENT_TARGET = 11.4;
				MTL_ENABLE_DEBUG_INFO = YES;
				ONLY_ACTIVE_ARCH = YES;
				SDKROOT = iphoneos;
				SWIFT_ACTIVE_COMPILATION_CONDITIONS = DEBUG;
				SWIFT_OPTIMIZATION_LEVEL = "-Onone";
			};
			name = Debug;
		};
		FA40714E211284E3000ECB97 /* Release */ = {
			isa = XCBuildConfiguration;
			buildSettings = {
				ALWAYS_SEARCH_USER_PATHS = NO;
				CLANG_ANALYZER_NONNULL = YES;
				CLANG_ANALYZER_NUMBER_OBJECT_CONVERSION = YES_AGGRESSIVE;
				CLANG_CXX_LANGUAGE_STANDARD = "gnu++14";
				CLANG_CXX_LIBRARY = "libc++";
				CLANG_ENABLE_MODULES = YES;
				CLANG_ENABLE_OBJC_ARC = YES;
				CLANG_ENABLE_OBJC_WEAK = YES;
				CLANG_WARN_BLOCK_CAPTURE_AUTORELEASING = YES;
				CLANG_WARN_BOOL_CONVERSION = YES;
				CLANG_WARN_COMMA = YES;
				CLANG_WARN_CONSTANT_CONVERSION = YES;
				CLANG_WARN_DEPRECATED_OBJC_IMPLEMENTATIONS = YES;
				CLANG_WARN_DIRECT_OBJC_ISA_USAGE = YES_ERROR;
				CLANG_WARN_DOCUMENTATION_COMMENTS = YES;
				CLANG_WARN_EMPTY_BODY = YES;
				CLANG_WARN_ENUM_CONVERSION = YES;
				CLANG_WARN_INFINITE_RECURSION = YES;
				CLANG_WARN_INT_CONVERSION = YES;
				CLANG_WARN_NON_LITERAL_NULL_CONVERSION = YES;
				CLANG_WARN_OBJC_IMPLICIT_RETAIN_SELF = YES;
				CLANG_WARN_OBJC_LITERAL_CONVERSION = YES;
				CLANG_WARN_OBJC_ROOT_CLASS = YES_ERROR;
				CLANG_WARN_RANGE_LOOP_ANALYSIS = YES;
				CLANG_WARN_STRICT_PROTOTYPES = YES;
				CLANG_WARN_SUSPICIOUS_MOVE = YES;
				CLANG_WARN_UNGUARDED_AVAILABILITY = YES_AGGRESSIVE;
				CLANG_WARN_UNREACHABLE_CODE = YES;
				CLANG_WARN__DUPLICATE_METHOD_MATCH = YES;
				CODE_SIGN_IDENTITY = "iPhone Developer";
				COPY_PHASE_STRIP = NO;
				DEBUG_INFORMATION_FORMAT = "dwarf-with-dsym";
				ENABLE_NS_ASSERTIONS = NO;
				ENABLE_STRICT_OBJC_MSGSEND = YES;
				GCC_C_LANGUAGE_STANDARD = gnu11;
				GCC_NO_COMMON_BLOCKS = YES;
				GCC_WARN_64_TO_32_BIT_CONVERSION = YES;
				GCC_WARN_ABOUT_RETURN_TYPE = YES_ERROR;
				GCC_WARN_UNDECLARED_SELECTOR = YES;
				GCC_WARN_UNINITIALIZED_AUTOS = YES_AGGRESSIVE;
				GCC_WARN_UNUSED_FUNCTION = YES;
				GCC_WARN_UNUSED_VARIABLE = YES;
				IPHONEOS_DEPLOYMENT_TARGET = 11.4;
				MTL_ENABLE_DEBUG_INFO = NO;
				SDKROOT = iphoneos;
				SWIFT_COMPILATION_MODE = wholemodule;
				SWIFT_OPTIMIZATION_LEVEL = "-O";
				VALIDATE_PRODUCT = YES;
			};
			name = Release;
		};
		FA407150211284E3000ECB97 /* Debug */ = {
			isa = XCBuildConfiguration;
			buildSettings = {
				ASSETCATALOG_COMPILER_APPICON_NAME = AppIcon;
				CODE_SIGN_STYLE = Manual;
				DEVELOPMENT_TEAM = D4J7AW2S69;
				INFOPLIST_FILE = CoreiBeacon/Info.plist;
				IPHONEOS_DEPLOYMENT_TARGET = 9.0;
				LD_RUNPATH_SEARCH_PATHS = (
					"$(inherited)",
					"@executable_path/Frameworks",
				);
				PRODUCT_BUNDLE_IDENTIFIER = com.hy.CoreiBeacon;
				PRODUCT_NAME = "$(TARGET_NAME)";
				PROVISIONING_PROFILE = "a5ce9f78-01eb-4111-ac27-2799bca83a1e";
				PROVISIONING_PROFILE_SPECIFIER = All_Dev_160129;
				SWIFT_VERSION = 4.0;
				TARGETED_DEVICE_FAMILY = "1,2";
			};
			name = Debug;
		};
		FA407151211284E3000ECB97 /* Release */ = {
			isa = XCBuildConfiguration;
			buildSettings = {
				ASSETCATALOG_COMPILER_APPICON_NAME = AppIcon;
				CODE_SIGN_STYLE = Manual;
				DEVELOPMENT_TEAM = D4J7AW2S69;
				INFOPLIST_FILE = CoreiBeacon/Info.plist;
				IPHONEOS_DEPLOYMENT_TARGET = 9.0;
				LD_RUNPATH_SEARCH_PATHS = (
					"$(inherited)",
					"@executable_path/Frameworks",
				);
				PRODUCT_BUNDLE_IDENTIFIER = com.hy.CoreiBeacon;
				PRODUCT_NAME = "$(TARGET_NAME)";
				PROVISIONING_PROFILE = "a5ce9f78-01eb-4111-ac27-2799bca83a1e";
				PROVISIONING_PROFILE_SPECIFIER = All_Dev_160129;
				SWIFT_VERSION = 4.0;
				TARGETED_DEVICE_FAMILY = "1,2";
			};
			name = Release;
		};
/* End XCBuildConfiguration section */

/* Begin XCConfigurationList section */
		FA407135211284DF000ECB97 /* Build configuration list for PBXProject "CoreiBeacon" */ = {
			isa = XCConfigurationList;
			buildConfigurations = (
				FA40714D211284E3000ECB97 /* Debug */,
				FA40714E211284E3000ECB97 /* Release */,
			);
			defaultConfigurationIsVisible = 0;
			defaultConfigurationName = Release;
		};
		FA40714F211284E3000ECB97 /* Build configuration list for PBXNativeTarget "CoreiBeacon" */ = {
			isa = XCConfigurationList;
			buildConfigurations = (
				FA407150211284E3000ECB97 /* Debug */,
				FA407151211284E3000ECB97 /* Release */,
			);
			defaultConfigurationIsVisible = 0;
			defaultConfigurationName = Release;
		};
/* End XCConfigurationList section */

/* Begin XCVersionGroup section */
		FA407144211284DF000ECB97 /* CoreiBeacon.xcdatamodeld */ = {
			isa = XCVersionGroup;
			children = (
				FA407145211284DF000ECB97 /* CoreiBeacon.xcdatamodel */,
			);
			currentVersion = FA407145211284DF000ECB97 /* CoreiBeacon.xcdatamodel */;
			path = CoreiBeacon.xcdatamodeld;
			sourceTree = "<group>";
			versionGroupType = wrapper.xcdatamodel;
		};
/* End XCVersionGroup section */
	};
	rootObject = FA407132211284DF000ECB97 /* Project object */;
}
